
Microsoft Visual Studio Solution File, Format Version 12.00
# Visual Studio Version 17
VisualStudioVersion = 17.2.32802.462
MinimumVisualStudioVersion = 10.0.40219.1
Project("{FAE04EC0-301F-11D3-BF4B-00C04F79EFBC}") = "asp_azure", "asp_azure\asp_azure.csproj", "{8D2B9060-BC41-433C-AD99-272EAAAB156B}"
EndProject
Global
	GlobalSection(SolutionConfigurationPlatforms) = preSolution
		Debug|Any CPU = Debug|Any CPU
		Release|Any CPU = Release|Any CPU
	EndGlobalSection
	GlobalSection(ProjectConfigurationPlatforms) = postSolution
		{8D2B9060-BC41-433C-AD99-272EAAAB156B}.Debug|Any CPU.ActiveCfg = Debug|Any CPU
		{8D2B9060-BC41-433C-AD99-272EAAAB156B}.Debug|Any CPU.Build.0 = Debug|Any CPU
		{8D2B9060-BC41-433C-AD99-272EAAAB156B}.Release|Any CPU.ActiveCfg = Release|Any CPU
		{8D2B9060-BC41-433C-AD99-272EAAAB156B}.Release|Any CPU.Build.0 = Release|Any CPU
	EndGlobalSection
	GlobalSection(SolutionProperties) = preSolution
		HideSolutionNode = FALSE
	EndGlobalSection
	GlobalSection(ExtensibilityGlobals) = postSolution
		SolutionGuid = {1557846B-6842-4F9F-894B-A07BA4C092B9}
	EndGlobalSection
EndGlobal
